{
  "name": "pratik11a-portfolio",
  "version": "1.0.0",
  "lockfileVersion": 3,
  "requires": true,
  "packages": {
    "": {
      "name": "pratik11a-portfolio",
      "version": "1.0.0",
      "license": "MIT",
      "devDependencies": {
        "nodemon": "^3.0.1"
      },
      "engines": {
        "node": ">=14.0.0"
      }
    }
  }
}
